
Microsoft Visual Studio Solution File, Format Version 12.00
# Visual Studio Version 17
VisualStudioVersion = 17.0.31903.59
MinimumVisualStudioVersion = 10.0.40219.1
Project("{FAE04EC0-301F-11D3-BF4B-00C04F79EFBC}") = "Presentation", "Presentation\Presentation.csproj", "{EFDDA9F2-BB7D-4DC7-AE70-6AC1F5CE1294}"
EndProject
Project("{FAE04EC0-301F-11D3-BF4B-00C04F79EFBC}") = "Logic", "Logic\Logic.csproj", "{467ACD64-6210-4F7B-BF9B-278A981B0AAE}"
EndProject
Project("{FAE04EC0-301F-11D3-BF4B-00C04F79EFBC}") = "Infrastructure", "Infrastructure\Infrastructure.csproj", "{7506ACD0-F6D0-4B14-9F69-1A4728CFF129}"
EndProject
Global
	GlobalSection(SolutionConfigurationPlatforms) = preSolution
		Debug|Any CPU = Debug|Any CPU
		Release|Any CPU = Release|Any CPU
	EndGlobalSection
	GlobalSection(SolutionProperties) = preSolution
		HideSolutionNode = FALSE
	EndGlobalSection
	GlobalSection(ProjectConfigurationPlatforms) = postSolution
		{EFDDA9F2-BB7D-4DC7-AE70-6AC1F5CE1294}.Debug|Any CPU.ActiveCfg = Debug|Any CPU
		{EFDDA9F2-BB7D-4DC7-AE70-6AC1F5CE1294}.Debug|Any CPU.Build.0 = Debug|Any CPU
		{EFDDA9F2-BB7D-4DC7-AE70-6AC1F5CE1294}.Release|Any CPU.ActiveCfg = Release|Any CPU
		{EFDDA9F2-BB7D-4DC7-AE70-6AC1F5CE1294}.Release|Any CPU.Build.0 = Release|Any CPU
		{467ACD64-6210-4F7B-BF9B-278A981B0AAE}.Debug|Any CPU.ActiveCfg = Debug|Any CPU
		{467ACD64-6210-4F7B-BF9B-278A981B0AAE}.Debug|Any CPU.Build.0 = Debug|Any CPU
		{467ACD64-6210-4F7B-BF9B-278A981B0AAE}.Release|Any CPU.ActiveCfg = Release|Any CPU
		{467ACD64-6210-4F7B-BF9B-278A981B0AAE}.Release|Any CPU.Build.0 = Release|Any CPU
		{7506ACD0-F6D0-4B14-9F69-1A4728CFF129}.Debug|Any CPU.ActiveCfg = Debug|Any CPU
		{7506ACD0-F6D0-4B14-9F69-1A4728CFF129}.Debug|Any CPU.Build.0 = Debug|Any CPU
		{7506ACD0-F6D0-4B14-9F69-1A4728CFF129}.Release|Any CPU.ActiveCfg = Release|Any CPU
		{7506ACD0-F6D0-4B14-9F69-1A4728CFF129}.Release|Any CPU.Build.0 = Release|Any CPU
	EndGlobalSection
EndGlobal
